// !$*UTF8*$!
{
	archiveVersion = 1;
	classes = {
	};
	objectVersion = 47;
	objects = {

/* Begin PBXBuildFile section */
		38487A211C9E1442004B8CD5 /* AppDelegate.swift in Sources */ = {isa = PBXBuildFile; fileRef = 38487A201C9E1442004B8CD5 /* AppDelegate.swift */; };
		38487A231C9E1442004B8CD5 /* MemeEditorViewController.swift in Sources */ = {isa = PBXBuildFile; fileRef = 38487A221C9E1442004B8CD5 /* MemeEditorViewController.swift */; };
		38487A261C9E1442004B8CD5 /* Main.storyboard in Resources */ = {isa = PBXBuildFile; fileRef = 38487A241C9E1442004B8CD5 /* Main.storyboard */; };
		38487A291C9E1442004B8CD5 /* Meme_Me.xcdatamodeld in Sources */ = {isa = PBXBuildFile; fileRef = 38487A271C9E1442004B8CD5 /* Meme_Me.xcdatamodeld */; };
		38487A2B1C9E1442004B8CD5 /* Assets.xcassets in Resources */ = {isa = PBXBuildFile; fileRef = 38487A2A1C9E1442004B8CD5 /* Assets.xcassets */; };
		38487A2E1C9E1442004B8CD5 /* LaunchScreen.storyboard in Resources */ = {isa = PBXBuildFile; fileRef = 38487A2C1C9E1442004B8CD5 /* LaunchScreen.storyboard */; };
		38487A391C9E1442004B8CD5 /* Meme_MeTests.swift in Sources */ = {isa = PBXBuildFile; fileRef = 38487A381C9E1442004B8CD5 /* Meme_MeTests.swift */; };
		38487A441C9E1442004B8CD5 /* Meme_MeUITests.swift in Sources */ = {isa = PBXBuildFile; fileRef = 38487A431C9E1442004B8CD5 /* Meme_MeUITests.swift */; };
		38487A521C9F0997004B8CD5 /* MemeTextFieldDelegate.swift in Sources */ = {isa = PBXBuildFile; fileRef = 38487A511C9F0997004B8CD5 /* MemeTextFieldDelegate.swift */; };
		38925ACF1CBF43FE00B668D3 /* FontPickerViewController.swift in Sources */ = {isa = PBXBuildFile; fileRef = 38925ACE1CBF43FE00B668D3 /* FontPickerViewController.swift */; };
		38E1D3D91CCBFF4F002F86CE /* Meme.swift in Sources */ = {isa = PBXBuildFile; fileRef = 38E1D3D81CCBFF4F002F86CE /* Meme.swift */; };
		38FF39B61CA9FD2900ACF3BB /* Main.storyboard in Resources */ = {isa = PBXBuildFile; fileRef = 38487A241C9E1442004B8CD5 /* Main.storyboard */; };
/* End PBXBuildFile section */

/* Begin PBXContainerItemProxy section */
		38487A351C9E1442004B8CD5 /* PBXContainerItemProxy */ = {
			isa = PBXContainerItemProxy;
			containerPortal = 38487A151C9E1441004B8CD5 /* Project object */;
			proxyType = 1;
			remoteGlobalIDString = 38487A1C1C9E1441004B8CD5;
			remoteInfo = "Meme Me";
		};
		38487A401C9E1442004B8CD5 /* PBXContainerItemProxy */ = {
			isa = PBXContainerItemProxy;
			containerPortal = 38487A151C9E1441004B8CD5 /* Project object */;
			proxyType = 1;
			remoteGlobalIDString = 38487A1C1C9E1441004B8CD5;
			remoteInfo = "Meme Me";
		};
/* End PBXContainerItemProxy section */

/* Begin PBXFileReference section */
		38487A1D1C9E1441004B8CD5 /* Meme Me.app */ = {isa = PBXFileReference; explicitFileType = wrapper.application; includeInIndex = 0; path = "Meme Me.app"; sourceTree = BUILT_PRODUCTS_DIR; };
		38487A201C9E1442004B8CD5 /* AppDelegate.swift */ = {isa = PBXFileReference; lastKnownFileType = sourcecode.swift; path = AppDelegate.swift; sourceTree = "<group>"; };
		38487A221C9E1442004B8CD5 /* MemeEditorViewController.swift */ = {isa = PBXFileReference; lastKnownFileType = sourcecode.swift; path = MemeEditorViewController.swift; sourceTree = "<group>"; };
		38487A251C9E1442004B8CD5 /* Base */ = {isa = PBXFileReference; lastKnownFileType = file.storyboard; name = Base; path = Base.lproj/Main.storyboard; sourceTree = "<group>"; };
		38487A281C9E1442004B8CD5 /* Meme_Me.xcdatamodel */ = {isa = PBXFileReference; lastKnownFileType = wrapper.xcdatamodel; path = Meme_Me.xcdatamodel; sourceTree = "<group>"; };
		38487A2A1C9E1442004B8CD5 /* Assets.xcassets */ = {isa = PBXFileReference; lastKnownFileType = folder.assetcatalog; path = Assets.xcassets; sourceTree = "<group>"; };
		38487A2D1C9E1442004B8CD5 /* Base */ = {isa = PBXFileReference; lastKnownFileType = file.storyboard; name = Base; path = Base.lproj/LaunchScreen.storyboard; sourceTree = "<group>"; };
		38487A2F1C9E1442004B8CD5 /* Info.plist */ = {isa = PBXFileReference; lastKnownFileType = text.plist.xml; path = Info.plist; sourceTree = "<group>"; };
		38487A341C9E1442004B8CD5 /* Meme MeTests.xctest */ = {isa = PBXFileReference; explicitFileType = wrapper.cfbundle; includeInIndex = 0; path = "Meme MeTests.xctest"; sourceTree = BUILT_PRODUCTS_DIR; };
		38487A381C9E1442004B8CD5 /* Meme_MeTests.swift */ = {isa = PBXFileReference; lastKnownFileType = sourcecode.swift; path = Meme_MeTests.swift; sourceTree = "<group>"; };
		38487A3A1C9E1442004B8CD5 /* Info.plist */ = {isa = PBXFileReference; lastKnownFileType = text.plist.xml; path = Info.plist; sourceTree = "<group>"; };
		38487A3F1C9E1442004B8CD5 /* Meme MeUITests.xctest */ = {isa = PBXFileReference; explicitFileType = wrapper.cfbundle; includeInIndex = 0; path = "Meme MeUITests.xctest"; sourceTree = BUILT_PRODUCTS_DIR; };
		38487A431C9E1442004B8CD5 /* Meme_MeUITests.swift */ = {isa = PBXFileReference; lastKnownFileType = sourcecode.swift; path = Meme_MeUITests.swift; sourceTree = "<group>"; };
		38487A451C9E1442004B8CD5 /* Info.plist */ = {isa = PBXFileReference; lastKnownFileType = text.plist.xml; path = Info.plist; sourceTree = "<group>"; };
		38487A511C9F0997004B8CD5 /* MemeTextFieldDelegate.swift */ = {isa = PBXFileReference; fileEncoding = 4; lastKnownFileType = sourcecode.swift; path = MemeTextFieldDelegate.swift; sourceTree = "<group>"; };
		38925ACE1CBF43FE00B668D3 /* FontPickerViewController.swift */ = {isa = PBXFileReference; fileEncoding = 4; lastKnownFileType = sourcecode.swift; path = FontPickerViewController.swift; sourceTree = "<group>"; };
		38E1D3D81CCBFF4F002F86CE /* Meme.swift */ = {isa = PBXFileReference; fileEncoding = 4; lastKnownFileType = sourcecode.swift; path = Meme.swift; sourceTree = "<group>"; };
		38FF39B81CA9FD3200ACF3BB /* en */ = {isa = PBXFileReference; lastKnownFileType = text.plist.strings; name = en; path = en.lproj/Main.strings; sourceTree = "<group>"; };
/* End PBXFileReference section */

/* Begin PBXFrameworksBuildPhase section */
		38487A1A1C9E1441004B8CD5 /* Frameworks */ = {
			isa = PBXFrameworksBuildPhase;
			buildActionMask = 2147483647;
			files = (
			);
			runOnlyForDeploymentPostprocessing = 0;
		};
		38487A311C9E1442004B8CD5 /* Frameworks */ = {
			isa = PBXFrameworksBuildPhase;
			buildActionMask = 2147483647;
			files = (
			);
			runOnlyForDeploymentPostprocessing = 0;
		};
		38487A3C1C9E1442004B8CD5 /* Frameworks */ = {
			isa = PBXFrameworksBuildPhase;
			buildActionMask = 2147483647;
			files = (
			);
			runOnlyForDeploymentPostprocessing = 0;
		};
/* End PBXFrameworksBuildPhase section */

/* Begin PBXGroup section */
		38487A141C9E1441004B8CD5 = {
			isa = PBXGroup;
			children = (
				38487A1F1C9E1441004B8CD5 /* Meme Me */,
				38487A371C9E1442004B8CD5 /* Meme MeTests */,
				38487A421C9E1442004B8CD5 /* Meme MeUITests */,
				38487A1E1C9E1441004B8CD5 /* Products */,
			);
			sourceTree = "<group>";
		};
		38487A1E1C9E1441004B8CD5 /* Products */ = {
			isa = PBXGroup;
			children = (
				38487A1D1C9E1441004B8CD5 /* Meme Me.app */,
				38487A341C9E1442004B8CD5 /* Meme MeTests.xctest */,
				38487A3F1C9E1442004B8CD5 /* Meme MeUITests.xctest */,
			);
			name = Products;
			sourceTree = "<group>";
		};
		38487A1F1C9E1441004B8CD5 /* Meme Me */ = {
			isa = PBXGroup;
			children = (
				38487A201C9E1442004B8CD5 /* AppDelegate.swift */,
				38487A221C9E1442004B8CD5 /* MemeEditorViewController.swift */,
				38487A241C9E1442004B8CD5 /* Main.storyboard */,
				38487A2A1C9E1442004B8CD5 /* Assets.xcassets */,
				38487A2C1C9E1442004B8CD5 /* LaunchScreen.storyboard */,
				38487A2F1C9E1442004B8CD5 /* Info.plist */,
				38487A271C9E1442004B8CD5 /* Meme_Me.xcdatamodeld */,
				38487A511C9F0997004B8CD5 /* MemeTextFieldDelegate.swift */,
				38925ACE1CBF43FE00B668D3 /* FontPickerViewController.swift */,
				38E1D3D81CCBFF4F002F86CE /* Meme.swift */,
			);
			path = "Meme Me";
			sourceTree = "<group>";
		};
		38487A371C9E1442004B8CD5 /* Meme MeTests */ = {
			isa = PBXGroup;
			children = (
				38487A381C9E1442004B8CD5 /* Meme_MeTests.swift */,
				38487A3A1C9E1442004B8CD5 /* Info.plist */,
			);
			path = "Meme MeTests";
			sourceTree = "<group>";
		};
		38487A421C9E1442004B8CD5 /* Meme MeUITests */ = {
			isa = PBXGroup;
			children = (
				38487A431C9E1442004B8CD5 /* Meme_MeUITests.swift */,
				38487A451C9E1442004B8CD5 /* Info.plist */,
			);
			path = "Meme MeUITests";
			sourceTree = "<group>";
		};
/* End PBXGroup section */

/* Begin PBXNativeTarget section */
		38487A1C1C9E1441004B8CD5 /* Meme Me */ = {
			isa = PBXNativeTarget;
			buildConfigurationList = 38487A481C9E1442004B8CD5 /* Build configuration list for PBXNativeTarget "Meme Me" */;
			buildPhases = (
				38487A191C9E1441004B8CD5 /* Sources */,
				38487A1A1C9E1441004B8CD5 /* Frameworks */,
				38487A1B1C9E1441004B8CD5 /* Resources */,
			);
			buildRules = (
			);
			dependencies = (
			);
			name = "Meme Me";
			productName = "Meme Me";
			productReference = 38487A1D1C9E1441004B8CD5 /* Meme Me.app */;
			productType = "com.apple.product-type.application";
		};
		38487A331C9E1442004B8CD5 /* Meme MeTests */ = {
			isa = PBXNativeTarget;
			buildConfigurationList = 38487A4B1C9E1442004B8CD5 /* Build configuration list for PBXNativeTarget "Meme MeTests" */;
			buildPhases = (
				38487A301C9E1442004B8CD5 /* Sources */,
				38487A311C9E1442004B8CD5 /* Frameworks */,
				38487A321C9E1442004B8CD5 /* Resources */,
			);
			buildRules = (
			);
			dependencies = (
				38487A361C9E1442004B8CD5 /* PBXTargetDependency */,
			);
			name = "Meme MeTests";
			productName = "Meme MeTests";
			productReference = 38487A341C9E1442004B8CD5 /* Meme MeTests.xctest */;
			productType = "com.apple.product-type.bundle.unit-test";
		};
		38487A3E1C9E1442004B8CD5 /* Meme MeUITests */ = {
			isa = PBXNativeTarget;
			buildConfigurationList = 38487A4E1C9E1442004B8CD5 /* Build configuration list for PBXNativeTarget "Meme MeUITests" */;
			buildPhases = (
				38487A3B1C9E1442004B8CD5 /* Sources */,
				38487A3C1C9E1442004B8CD5 /* Frameworks */,
				38487A3D1C9E1442004B8CD5 /* Resources */,
			);
			buildRules = (
			);
			dependencies = (
				38487A411C9E1442004B8CD5 /* PBXTargetDependency */,
			);
			name = "Meme MeUITests";
			productName = "Meme MeUITests";
			productReference = 38487A3F1C9E1442004B8CD5 /* Meme MeUITests.xctest */;
			productType = "com.apple.product-type.bundle.ui-testing";
		};
/* End PBXNativeTarget section */

/* Begin PBXProject section */
		38487A151C9E1441004B8CD5 /* Project object */ = {
			isa = PBXProject;
			attributes = {
				LastSwiftUpdateCheck = 0720;
				LastUpgradeCheck = 0720;
				ORGANIZATIONNAME = udacity;
				TargetAttributes = {
					38487A1C1C9E1441004B8CD5 = {
						CreatedOnToolsVersion = 7.2;
					};
					38487A331C9E1442004B8CD5 = {
						CreatedOnToolsVersion = 7.2;
						TestTargetID = 38487A1C1C9E1441004B8CD5;
					};
					38487A3E1C9E1442004B8CD5 = {
						CreatedOnToolsVersion = 7.2;
						TestTargetID = 38487A1C1C9E1441004B8CD5;
					};
				};
			};
			buildConfigurationList = 38487A181C9E1441004B8CD5 /* Build configuration list for PBXProject "Meme Me" */;
			compatibilityVersion = "Xcode 6.3";
			developmentRegion = English;
			hasScannedForEncodings = 0;
			knownRegions = (
				en,
				Base,
			);
			mainGroup = 38487A141C9E1441004B8CD5;
			productRefGroup = 38487A1E1C9E1441004B8CD5 /* Products */;
			projectDirPath = "";
			projectRoot = "";
			targets = (
				38487A1C1C9E1441004B8CD5 /* Meme Me */,
				38487A331C9E1442004B8CD5 /* Meme MeTests */,
				38487A3E1C9E1442004B8CD5 /* Meme MeUITests */,
			);
		};
/* End PBXProject section */

/* Begin PBXResourcesBuildPhase section */
		38487A1B1C9E1441004B8CD5 /* Resources */ = {
			isa = PBXResourcesBuildPhase;
			buildActionMask = 2147483647;
			files = (
				38487A2E1C9E1442004B8CD5 /* LaunchScreen.storyboard in Resources */,
				38487A2B1C9E1442004B8CD5 /* Assets.xcassets in Resources */,
				38487A261C9E1442004B8CD5 /* Main.storyboard in Resources */,
			);
			runOnlyForDeploymentPostprocessing = 0;
		};
		38487A321C9E1442004B8CD5 /* Resources */ = {
			isa = PBXResourcesBuildPhase;
			buildActionMask = 2147483647;
			files = (
				38FF39B61CA9FD2900ACF3BB /* Main.storyboard in Resources */,
			);
			runOnlyForDeploymentPostprocessing = 0;
		};
		38487A3D1C9E1442004B8CD5 /* Resources */ = {
			isa = PBXResourcesBuildPhase;
			buildActionMask = 2147483647;
			files = (
			);
			runOnlyForDeploymentPostprocessing = 0;
		};
/* End PBXResourcesBuildPhase section */

/* Begin PBXSourcesBuildPhase section */
		38487A191C9E1441004B8CD5 /* Sources */ = {
			isa = PBXSourcesBuildPhase;
			buildActionMask = 2147483647;
			files = (
				38925ACF1CBF43FE00B668D3 /* FontPickerViewController.swift in Sources */,
				38487A231C9E1442004B8CD5 /* MemeEditorViewController.swift in Sources */,
				38487A291C9E1442004B8CD5 /* Meme_Me.xcdatamodeld in Sources */,
				38E1D3D91CCBFF4F002F86CE /* Meme.swift in Sources */,
				38487A521C9F0997004B8CD5 /* MemeTextFieldDelegate.swift in Sources */,
				38487A211C9E1442004B8CD5 /* AppDelegate.swift in Sources */,
			);
			runOnlyForDeploymentPostprocessing = 0;
		};
		38487A301C9E1442004B8CD5 /* Sources */ = {
			isa = PBXSourcesBuildPhase;
			buildActionMask = 2147483647;
			files = (
				38487A391C9E1442004B8CD5 /* Meme_MeTests.swift in Sources */,
			);
			runOnlyForDeploymentPostprocessing = 0;
		};
		38487A3B1C9E1442004B8CD5 /* Sources */ = {
			isa = PBXSourcesBuildPhase;
			buildActionMask = 2147483647;
			files = (
				38487A441C9E1442004B8CD5 /* Meme_MeUITests.swift in Sources */,
			);
			runOnlyForDeploymentPostprocessing = 0;
		};
/* End PBXSourcesBuildPhase section */

/* Begin PBXTargetDependency section */
		38487A361C9E1442004B8CD5 /* PBXTargetDependency */ = {
			isa = PBXTargetDependency;
			target = 38487A1C1C9E1441004B8CD5 /* Meme Me */;
			targetProxy = 38487A351C9E1442004B8CD5 /* PBXContainerItemProxy */;
		};
		38487A411C9E1442004B8CD5 /* PBXTargetDependency */ = {
			isa = PBXTargetDependency;
			target = 38487A1C1C9E1441004B8CD5 /* Meme Me */;
			targetProxy = 38487A401C9E1442004B8CD5 /* PBXContainerItemProxy */;
		};
/* End PBXTargetDependency section */

/* Begin PBXVariantGroup section */
		38487A241C9E1442004B8CD5 /* Main.storyboard */ = {
			isa = PBXVariantGroup;
			children = (
				38487A251C9E1442004B8CD5 /* Base */,
				38FF39B81CA9FD3200ACF3BB /* en */,
			);
			name = Main.storyboard;
			sourceTree = "<group>";
		};
		38487A2C1C9E1442004B8CD5 /* LaunchScreen.storyboard */ = {
			isa = PBXVariantGroup;
			children = (
				38487A2D1C9E1442004B8CD5 /* Base */,
			);
			name = LaunchScreen.storyboard;
			sourceTree = "<group>";
		};
/* End PBXVariantGroup section */

/* Begin XCBuildConfiguration section */
		38487A461C9E1442004B8CD5 /* Debug */ = {
			isa = XCBuildConfiguration;
			buildSettings = {
				ALWAYS_SEARCH_USER_PATHS = NO;
				CLANG_CXX_LANGUAGE_STANDARD = "gnu++0x";
				CLANG_CXX_LIBRARY = "libc++";
				CLANG_ENABLE_MODULES = YES;
				CLANG_ENABLE_OBJC_ARC = YES;
				CLANG_WARN_BOOL_CONVERSION = YES;
				CLANG_WARN_CONSTANT_CONVERSION = YES;
				CLANG_WARN_DIRECT_OBJC_ISA_USAGE = YES_ERROR;
				CLANG_WARN_EMPTY_BODY = YES;
				CLANG_WARN_ENUM_CONVERSION = YES;
				CLANG_WARN_INT_CONVERSION = YES;
				CLANG_WARN_OBJC_ROOT_CLASS = YES_ERROR;
				CLANG_WARN_UNREACHABLE_CODE = YES;
				CLANG_WARN__DUPLICATE_METHOD_MATCH = YES;
				"CODE_SIGN_IDENTITY[sdk=iphoneos*]" = "iPhone Developer";
				COPY_PHASE_STRIP = NO;
				DEBUG_INFORMATION_FORMAT = dwarf;
				ENABLE_STRICT_OBJC_MSGSEND = YES;
				ENABLE_TESTABILITY = YES;
				GCC_C_LANGUAGE_STANDARD = gnu99;
				GCC_DYNAMIC_NO_PIC = NO;
				GCC_NO_COMMON_BLOCKS = YES;
				GCC_OPTIMIZATION_LEVEL = 0;
				GCC_PREPROCESSOR_DEFINITIONS = (
					"DEBUG=1",
					"$(inherited)",
				);
				GCC_WARN_64_TO_32_BIT_CONVERSION = YES;
				GCC_WARN_ABOUT_RETURN_TYPE = YES_ERROR;
				GCC_WARN_UNDECLARED_SELECTOR = YES;
				GCC_WARN_UNINITIALIZED_AUTOS = YES_AGGRESSIVE;
				GCC_WARN_UNUSED_FUNCTION = YES;
				GCC_WARN_UNUSED_VARIABLE = YES;
				IPHONEOS_DEPLOYMENT_TARGET = 9.2;
				MTL_ENABLE_DEBUG_INFO = YES;
				New_Setting = "";
				ONLY_ACTIVE_ARCH = YES;
				SDKROOT = iphoneos;
				SWIFT_OPTIMIZATION_LEVEL = "-Onone";
			};
			name = Debug;
		};
		38487A471C9E1442004B8CD5 /* Release */ = {
			isa = XCBuildConfiguration;
			buildSettings = {
				ALWAYS_SEARCH_USER_PATHS = NO;
				CLANG_CXX_LANGUAGE_STANDARD = "gnu++0x";
				CLANG_CXX_LIBRARY = "libc++";
				CLANG_ENABLE_MODULES = YES;
				CLANG_ENABLE_OBJC_ARC = YES;
				CLANG_WARN_BOOL_CONVERSION = YES;
				CLANG_WARN_CONSTANT_CONVERSION = YES;
				CLANG_WARN_DIRECT_OBJC_ISA_USAGE = YES_ERROR;
				CLANG_WARN_EMPTY_BODY = YES;
				CLANG_WARN_ENUM_CONVERSION = YES;
				CLANG_WARN_INT_CONVERSION = YES;
				CLANG_WARN_OBJC_ROOT_CLASS = YES_ERROR;
				CLANG_WARN_UNREACHABLE_CODE = YES;
				CLANG_WARN__DUPLICATE_METHOD_MATCH = YES;
				"CODE_SIGN_IDENTITY[sdk=iphoneos*]" = "iPhone Developer";
				COPY_PHASE_STRIP = NO;
				DEBUG_INFORMATION_FORMAT = "dwarf-with-dsym";
				ENABLE_NS_ASSERTIONS = NO;
				ENABLE_STRICT_OBJC_MSGSEND = YES;
				GCC_C_LANGUAGE_STANDARD = gnu99;
				GCC_NO_COMMON_BLOCKS = YES;
				GCC_WARN_64_TO_32_BIT_CONVERSION = YES;
				GCC_WARN_ABOUT_RETURN_TYPE = YES_ERROR;
				GCC_WARN_UNDECLARED_SELECTOR = YES;
				GCC_WARN_UNINITIALIZED_AUTOS = YES_AGGRESSIVE;
				GCC_WARN_UNUSED_FUNCTION = YES;
				GCC_WARN_UNUSED_VARIABLE = YES;
				IPHONEOS_DEPLOYMENT_TARGET = 9.2;
				MTL_ENABLE_DEBUG_INFO = NO;
				New_Setting = "";
				SDKROOT = iphoneos;
				VALIDATE_PRODUCT = YES;
			};
			name = Release;
		};
		38487A491C9E1442004B8CD5 /* Debug */ = {
			isa = XCBuildConfiguration;
			buildSettings = {
				ASSETCATALOG_COMPILER_APPICON_NAME = AppIcon;
				CLANG_ENABLE_MODULES = YES;
				INFOPLIST_FILE = "Meme Me/Info.plist";
				LD_RUNPATH_SEARCH_PATHS = "$(inherited) @executable_path/Frameworks";
				PRODUCT_BUNDLE_IDENTIFIER = "com.udacity.Meme-Me";
				PRODUCT_NAME = "$(TARGET_NAME)";
				SWIFT_OPTIMIZATION_LEVEL = "-Onone";
			};
			name = Debug;
		};
		38487A4A1C9E1442004B8CD5 /* Release */ = {
			isa = XCBuildConfiguration;
			buildSettings = {
				ASSETCATALOG_COMPILER_APPICON_NAME = AppIcon;
				CLANG_ENABLE_MODULES = YES;
				INFOPLIST_FILE = "Meme Me/Info.plist";
				LD_RUNPATH_SEARCH_PATHS = "$(inherited) @executable_path/Frameworks";
				PRODUCT_BUNDLE_IDENTIFIER = "com.udacity.Meme-Me";
				PRODUCT_NAME = "$(TARGET_NAME)";
			};
			name = Release;
		};
		38487A4C1C9E1442004B8CD5 /* Debug */ = {
			isa = XCBuildConfiguration;
			buildSettings = {
				BUNDLE_LOADER = "$(TEST_HOST)";
				INFOPLIST_FILE = "Meme MeTests/Info.plist";
				LD_RUNPATH_SEARCH_PATHS = "$(inherited) @executable_path/Frameworks @loader_path/Frameworks";
				PRODUCT_BUNDLE_IDENTIFIER = "com.udacity.Meme-MeTests";
				PRODUCT_NAME = "$(TARGET_NAME)";
				TEST_HOST = "$(BUILT_PRODUCTS_DIR)/Meme Me.app/Meme Me";
			};
			name = Debug;
		};
		38487A4D1C9E1442004B8CD5 /* Release */ = {
			isa = XCBuildConfiguration;
			buildSettings = {
				BUNDLE_LOADER = "$(TEST_HOST)";
				INFOPLIST_FILE = "Meme MeTests/Info.plist";
				LD_RUNPATH_SEARCH_PATHS = "$(inherited) @executable_path/Frameworks @loader_path/Frameworks";
				PRODUCT_BUNDLE_IDENTIFIER = "com.udacity.Meme-MeTests";
				PRODUCT_NAME = "$(TARGET_NAME)";
				TEST_HOST = "$(BUILT_PRODUCTS_DIR)/Meme Me.app/Meme Me";
			};
			name = Release;
		};
		38487A4F1C9E1442004B8CD5 /* Debug */ = {
			isa = XCBuildConfiguration;
			buildSettings = {
				"CODE_SIGN_ENTITLEMENTS[sdk=iphoneos*]" = "";
				INFOPLIST_FILE = "Meme MeUITests/Info.plist";
				LD_RUNPATH_SEARCH_PATHS = "$(inherited) @executable_path/Frameworks @loader_path/Frameworks";
				PRODUCT_BUNDLE_IDENTIFIER = "com.udacity.Meme-MeUITests";
				PRODUCT_NAME = "$(TARGET_NAME)";
				TEST_TARGET_NAME = "Meme Me";
				USES_XCTRUNNER = YES;
			};
			name = Debug;
		};
		38487A501C9E1442004B8CD5 /* Release */ = {
			isa = XCBuildConfiguration;
			buildSettings = {
				INFOPLIST_FILE = "Meme MeUITests/Info.plist";
				LD_RUNPATH_SEARCH_PATHS = "$(inherited) @executable_path/Frameworks @loader_path/Frameworks";
				PRODUCT_BUNDLE_IDENTIFIER = "com.udacity.Meme-MeUITests";
				PRODUCT_NAME = "$(TARGET_NAME)";
				TEST_TARGET_NAME = "Meme Me";
				USES_XCTRUNNER = YES;
			};
			name = Release;
		};
/* End XCBuildConfiguration section */

/* Begin XCConfigurationList section */
		38487A181C9E1441004B8CD5 /* Build configuration list for PBXProject "Meme Me" */ = {
			isa = XCConfigurationList;
			buildConfigurations = (
				38487A461C9E1442004B8CD5 /* Debug */,
				38487A471C9E1442004B8CD5 /* Release */,
			);
			defaultConfigurationIsVisible = 0;
			defaultConfigurationName = Release;
		};
		38487A481C9E1442004B8CD5 /* Build configuration list for PBXNativeTarget "Meme Me" */ = {
			isa = XCConfigurationList;
			buildConfigurations = (
				38487A491C9E1442004B8CD5 /* Debug */,
				38487A4A1C9E1442004B8CD5 /* Release */,
			);
			defaultConfigurationIsVisible = 0;
			defaultConfigurationName = Release;
		};
		38487A4B1C9E1442004B8CD5 /* Build configuration list for PBXNativeTarget "Meme MeTests" */ = {
			isa = XCConfigurationList;
			buildConfigurations = (
				38487A4C1C9E1442004B8CD5 /* Debug */,
				38487A4D1C9E1442004B8CD5 /* Release */,
			);
			defaultConfigurationIsVisible = 0;
			defaultConfigurationName = Release;
		};
		38487A4E1C9E1442004B8CD5 /* Build configuration list for PBXNativeTarget "Meme MeUITests" */ = {
			isa = XCConfigurationList;
			buildConfigurations = (
				38487A4F1C9E1442004B8CD5 /* Debug */,
				38487A501C9E1442004B8CD5 /* Release */,
			);
			defaultConfigurationIsVisible = 0;
			defaultConfigurationName = Release;
		};
/* End XCConfigurationList section */

/* Begin XCVersionGroup section */
		38487A271C9E1442004B8CD5 /* Meme_Me.xcdatamodeld */ = {
			isa = XCVersionGroup;
			children = (
				38487A281C9E1442004B8CD5 /* Meme_Me.xcdatamodel */,
			);
			currentVersion = 38487A281C9E1442004B8CD5 /* Meme_Me.xcdatamodel */;
			path = Meme_Me.xcdatamodeld;
			sourceTree = "<group>";
			versionGroupType = wrapper.xcdatamodel;
		};
/* End XCVersionGroup section */
	};
	rootObject = 38487A151C9E1441004B8CD5 /* Project object */;
}
